
Microsoft Visual Studio Solution File, Format Version 12.00
# Visual Studio Version 16
VisualStudioVersion = 16.0.31410.357
MinimumVisualStudioVersion = 10.0.40219.1
Project("{FAE04EC0-301F-11D3-BF4B-00C04F79EFBC}") = "SavedToDoList", "SavedToDoList\SavedToDoList.csproj", "{E583807F-C2EB-4636-B8FF-90B1D12B9F66}"
EndProject
Global
	GlobalSection(SolutionConfigurationPlatforms) = preSolution
		Debug|Any CPU = Debug|Any CPU
		Release|Any CPU = Release|Any CPU
	EndGlobalSection
	GlobalSection(ProjectConfigurationPlatforms) = postSolution
		{E583807F-C2EB-4636-B8FF-90B1D12B9F66}.Debug|Any CPU.ActiveCfg = Debug|Any CPU
		{E583807F-C2EB-4636-B8FF-90B1D12B9F66}.Debug|Any CPU.Build.0 = Debug|Any CPU
		{E583807F-C2EB-4636-B8FF-90B1D12B9F66}.Release|Any CPU.ActiveCfg = Release|Any CPU
		{E583807F-C2EB-4636-B8FF-90B1D12B9F66}.Release|Any CPU.Build.0 = Release|Any CPU
	EndGlobalSection
	GlobalSection(SolutionProperties) = preSolution
		HideSolutionNode = FALSE
	EndGlobalSection
	GlobalSection(ExtensibilityGlobals) = postSolution
		SolutionGuid = {3AC276E6-5831-4850-A04D-72ABCE080434}
	EndGlobalSection
EndGlobal
